// !$*UTF8*$!
{
	archiveVersion = 1;
	classes = {
	};
	objectVersion = 77;
	objects = {

/* Begin PBXBuildFile section */
		40494CD8300CBEE400F73148 /* Localizable.xcstrings in Resources */ = {isa = PBXBuildFile; fileRef = 40494CD7300CBEE400F73148 /* Localizable.xcstrings */; };
		409265FA2FFC44D200DED38A /* GRDB in Frameworks */ = {isa = PBXBuildFile; productRef = 409265F92FFC44D200DED38A /* GRDB */; };
		40A31693300DFACE00832C36 /* GRDB in Frameworks */ = {isa = PBXBuildFile; productRef = 40A31692300DFACE00832C36 /* GRDB */; };
/* End PBXBuildFile section */

/* Begin PBXFileReference section */
		4048A2B32FFB271A002619D7 /* myDiary.app */ = {isa = PBXFileReference; explicitFileType = wrapper.application; includeInIndex = 0; path = myDiary.app; sourceTree = BUILT_PRODUCTS_DIR; };
		40494CD7300CBEE400F73148 /* Localizable.xcstrings */ = {isa = PBXFileReference; lastKnownFileType = text.json.xcstrings; path = Localizable.xcstrings; sourceTree = "<group>"; };
		40A31540300D9DDC00832C36 /* myDiaryiPad.app */ = {isa = PBXFileReference; explicitFileType = wrapper.application; includeInIndex = 0; path = myDiaryiPad.app; sourceTree = BUILT_PRODUCTS_DIR; };
		40A31554300DDC0300832C36 /* myDiaryiPhone.app */ = {isa = PBXFileReference; explicitFileType = wrapper.application; includeInIndex = 0; path = myDiaryiPhone.app; sourceTree = BUILT_PRODUCTS_DIR; };
/* End PBXFileReference section */

/* Begin PBXFileSystemSynchronizedBuildFileExceptionSet section */
		40A31613300DE4E700832C36 /* Exceptions for "Database" folder in "myDiary" target */ = {
			isa = PBXFileSystemSynchronizedBuildFileExceptionSet;
			membershipExceptions = (
				DatabaseManager.swift,
				ImageRecord.swift,
				Migrations.swift,
				PostLinkRecord.swift,
				PostRecord.swift,
				PostRepository.swift,
			);
			target = 4048A2B22FFB271A002619D7 /* myDiary */;
		};
		40A31614300DE4E700832C36 /* Exceptions for "Export" folder in "myDiary" target */ = {
			isa = PBXFileSystemSynchronizedBuildFileExceptionSet;
			membershipExceptions = (
				DiaryExporter.swift,
			);
			target = 4048A2B22FFB271A002619D7 /* myDiary */;
		};
		40A31615300DE4E700832C36 /* Exceptions for "Import" folder in "myDiary" target */ = {
			isa = PBXFileSystemSynchronizedBuildFileExceptionSet;
			membershipExceptions = (
				DiaryArchive.swift,
				DiaryImporter.swift,
			);
			target = 4048A2B22FFB271A002619D7 /* myDiary */;
		};
		40A31616300DE4E700832C36 /* Exceptions for "Models" folder in "myDiary" target */ = {
			isa = PBXFileSystemSynchronizedBuildFileExceptionSet;
			membershipExceptions = (
				CachedImageRecord.swift,
				DiaryImage.swift,
				DiaryPost.swift,
				ImageSourceType.swift,
				PostLink.swift,
			);
			target = 4048A2B22FFB271A002619D7 /* myDiary */;
		};
		40A31617300DE4E700832C36 /* Exceptions for "Services" folder in "myDiary" target */ = {
			isa = PBXFileSystemSynchronizedBuildFileExceptionSet;
			membershipExceptions = (
				ImageStore.swift,
			);
			target = 4048A2B22FFB271A002619D7 /* myDiary */;
		};
		40A31618300DE4E700832C36 /* Exceptions for "ViewModels" folder in "myDiary" target */ = {
			isa = PBXFileSystemSynchronizedBuildFileExceptionSet;
			membershipExceptions = (
				TimelineNavigationState.swift,
				TimelineSearchResult.swift,
				TimelineViewModel.swift,
				"TimelineViewModel+Comments.swift",
				"TimelineViewModel+Links.swift",
				"TimelineViewModel+Navigation.swift",
				"TimelineViewModel+Posts.swift",
				"TimelineViewModel+Search.swift",
			);
			target = 4048A2B22FFB271A002619D7 /* myDiary */;
		};
		40A31687300DF56D00832C36 /* Exceptions for "ViewModels" folder in "myDiaryiPad" target */ = {
			isa = PBXFileSystemSynchronizedBuildFileExceptionSet;
			membershipExceptions = (
				TimelineNavigationState.swift,
				TimelineViewModel.swift,
				"TimelineViewModel+Navigation.swift",
				"TimelineViewModel+Posts.swift",
			);
			target = 40A3153F300D9DDC00832C36 /* myDiaryiPad */;
		};
		40A31689300DF5AB00832C36 /* Exceptions for "Models" folder in "myDiaryiPad" target */ = {
			isa = PBXFileSystemSynchronizedBuildFileExceptionSet;
			membershipExceptions = (
				DiaryImage.swift,
				DiaryPost.swift,
				ImageSourceType.swift,
				PostLink.swift,
			);
			target = 40A3153F300D9DDC00832C36 /* myDiaryiPad */;
		};
		40A3168E300DF75800832C36 /* Exceptions for "Database" folder in "myDiaryiPad" target */ = {
			isa = PBXFileSystemSynchronizedBuildFileExceptionSet;
			membershipExceptions = (
				DatabaseManager.swift,
				Migrations.swift,
				PostRepository.swift,
			);
			target = 40A3153F300D9DDC00832C36 /* myDiaryiPad */;
		};
/* End PBXFileSystemSynchronizedBuildFileExceptionSet section */

/* Begin PBXFileSystemSynchronizedRootGroup section */
		4048A2B52FFB271A002619D7 /* myDiary */ = {
			isa = PBXFileSystemSynchronizedRootGroup;
			path = myDiary;
			sourceTree = "<group>";
		};
		40A31541300D9DDC00832C36 /* myDiaryiPad */ = {
			isa = PBXFileSystemSynchronizedRootGroup;
			path = myDiaryiPad;
			sourceTree = "<group>";
		};
		40A31555300DDC0300832C36 /* myDiaryiPhone */ = {
			isa = PBXFileSystemSynchronizedRootGroup;
			path = myDiaryiPhone;
			sourceTree = "<group>";
		};
		40A315E0300DE4E700832C36 /* Database */ = {
			isa = PBXFileSystemSynchronizedRootGroup;
			exceptions = (
				40A31613300DE4E700832C36 /* Exceptions for "Database" folder in "myDiary" target */,
				40A3168E300DF75800832C36 /* Exceptions for "Database" folder in "myDiaryiPad" target */,
			);
			path = Database;
			sourceTree = "<group>";
		};
		40A315E2300DE4E700832C36 /* Export */ = {
			isa = PBXFileSystemSynchronizedRootGroup;
			exceptions = (
				40A31614300DE4E700832C36 /* Exceptions for "Export" folder in "myDiary" target */,
			);
			path = Export;
			sourceTree = "<group>";
		};
		40A315E5300DE4E700832C36 /* Import */ = {
			isa = PBXFileSystemSynchronizedRootGroup;
			exceptions = (
				40A31615300DE4E700832C36 /* Exceptions for "Import" folder in "myDiary" target */,
			);
			path = Import;
			sourceTree = "<group>";
		};
		40A315EB300DE4E700832C36 /* Models */ = {
			isa = PBXFileSystemSynchronizedRootGroup;
			exceptions = (
				40A31616300DE4E700832C36 /* Exceptions for "Models" folder in "myDiary" target */,
				40A31689300DF5AB00832C36 /* Exceptions for "Models" folder in "myDiaryiPad" target */,
			);
			path = Models;
			sourceTree = "<group>";
		};
		40A315ED300DE4E700832C36 /* Services */ = {
			isa = PBXFileSystemSynchronizedRootGroup;
			exceptions = (
				40A31617300DE4E700832C36 /* Exceptions for "Services" folder in "myDiary" target */,
			);
			path = Services;
			sourceTree = "<group>";
		};
		40A315F0300DE4E700832C36 /* Utilities */ = {
			isa = PBXFileSystemSynchronizedRootGroup;
			path = Utilities;
			sourceTree = "<group>";
		};
		40A315F9300DE4E700832C36 /* ViewModels */ = {
			isa = PBXFileSystemSynchronizedRootGroup;
			exceptions = (
				40A31618300DE4E700832C36 /* Exceptions for "ViewModels" folder in "myDiary" target */,
				40A31687300DF56D00832C36 /* Exceptions for "ViewModels" folder in "myDiaryiPad" target */,
			);
			path = ViewModels;
			sourceTree = "<group>";
		};
/* End PBXFileSystemSynchronizedRootGroup section */

/* Begin PBXFrameworksBuildPhase section */
		4048A2B02FFB271A002619D7 /* Frameworks */ = {
			isa = PBXFrameworksBuildPhase;
			buildActionMask = 2147483647;
			files = (
				409265FA2FFC44D200DED38A /* GRDB in Frameworks */,
			);
			runOnlyForDeploymentPostprocessing = 0;
		};
		40A3153D300D9DDC00832C36 /* Frameworks */ = {
			isa = PBXFrameworksBuildPhase;
			buildActionMask = 2147483647;
			files = (
				40A31693300DFACE00832C36 /* GRDB in Frameworks */,
			);
			runOnlyForDeploymentPostprocessing = 0;
		};
		40A31551300DDC0300832C36 /* Frameworks */ = {
			isa = PBXFrameworksBuildPhase;
			buildActionMask = 2147483647;
			files = (
			);
			runOnlyForDeploymentPostprocessing = 0;
		};
/* End PBXFrameworksBuildPhase section */

/* Begin PBXGroup section */
		4048A2AA2FFB2719002619D7 = {
			isa = PBXGroup;
			children = (
				40A31560300DDFB300832C36 /* myDiaryCore */,
				40494CD7300CBEE400F73148 /* Localizable.xcstrings */,
				4048A2B52FFB271A002619D7 /* myDiary */,
				40A31541300D9DDC00832C36 /* myDiaryiPad */,
				40A31555300DDC0300832C36 /* myDiaryiPhone */,
				40A31691300DFACE00832C36 /* Frameworks */,
				4048A2B42FFB271A002619D7 /* Products */,
			);
			sourceTree = "<group>";
		};
		4048A2B42FFB271A002619D7 /* Products */ = {
			isa = PBXGroup;
			children = (
				4048A2B32FFB271A002619D7 /* myDiary.app */,
				40A31540300D9DDC00832C36 /* myDiaryiPad.app */,
				40A31554300DDC0300832C36 /* myDiaryiPhone.app */,
			);
			name = Products;
			sourceTree = "<group>";
		};
		40A31560300DDFB300832C36 /* myDiaryCore */ = {
			isa = PBXGroup;
			children = (
				40A315E0300DE4E700832C36 /* Database */,
				40A315E2300DE4E700832C36 /* Export */,
				40A315E5300DE4E700832C36 /* Import */,
				40A315EB300DE4E700832C36 /* Models */,
				40A315ED300DE4E700832C36 /* Services */,
				40A315F0300DE4E700832C36 /* Utilities */,
				40A315F9300DE4E700832C36 /* ViewModels */,
			);
			path = myDiaryCore;
			sourceTree = "<group>";
		};
		40A31691300DFACE00832C36 /* Frameworks */ = {
			isa = PBXGroup;
			children = (
			);
			name = Frameworks;
			sourceTree = "<group>";
		};
/* End PBXGroup section */

/* Begin PBXNativeTarget section */
		4048A2B22FFB271A002619D7 /* myDiary */ = {
			isa = PBXNativeTarget;
			buildConfigurationList = 4048A2BE2FFB2721002619D7 /* Build configuration list for PBXNativeTarget "myDiary" */;
			buildPhases = (
				4048A2AF2FFB271A002619D7 /* Sources */,
				4048A2B02FFB271A002619D7 /* Frameworks */,
				4048A2B12FFB271A002619D7 /* Resources */,
			);
			buildRules = (
			);
			dependencies = (
			);
			fileSystemSynchronizedGroups = (
				4048A2B52FFB271A002619D7 /* myDiary */,
				40A315F0300DE4E700832C36 /* Utilities */,
			);
			name = myDiary;
			packageProductDependencies = (
				409265F92FFC44D200DED38A /* GRDB */,
			);
			productName = myDiary;
			productReference = 4048A2B32FFB271A002619D7 /* myDiary.app */;
			productType = "com.apple.product-type.application";
		};
		40A3153F300D9DDC00832C36 /* myDiaryiPad */ = {
			isa = PBXNativeTarget;
			buildConfigurationList = 40A3154A300D9DDF00832C36 /* Build configuration list for PBXNativeTarget "myDiaryiPad" */;
			buildPhases = (
				40A3153C300D9DDC00832C36 /* Sources */,
				40A3153D300D9DDC00832C36 /* Frameworks */,
				40A3153E300D9DDC00832C36 /* Resources */,
			);
			buildRules = (
			);
			dependencies = (
			);
			fileSystemSynchronizedGroups = (
				40A31541300D9DDC00832C36 /* myDiaryiPad */,
			);
			name = myDiaryiPad;
			packageProductDependencies = (
				40A31692300DFACE00832C36 /* GRDB */,
			);
			productName = myDiaryiPad;
			productReference = 40A31540300D9DDC00832C36 /* myDiaryiPad.app */;
			productType = "com.apple.product-type.application";
		};
		40A31553300DDC0300832C36 /* myDiaryiPhone */ = {
			isa = PBXNativeTarget;
			buildConfigurationList = 40A3155C300DDC0600832C36 /* Build configuration list for PBXNativeTarget "myDiaryiPhone" */;
			buildPhases = (
				40A31550300DDC0300832C36 /* Sources */,
				40A31551300DDC0300832C36 /* Frameworks */,
				40A31552300DDC0300832C36 /* Resources */,
			);
			buildRules = (
			);
			dependencies = (
			);
			fileSystemSynchronizedGroups = (
				40A31555300DDC0300832C36 /* myDiaryiPhone */,
			);
			name = myDiaryiPhone;
			packageProductDependencies = (
			);
			productName = myDiaryiPhone;
			productReference = 40A31554300DDC0300832C36 /* myDiaryiPhone.app */;
			productType = "com.apple.product-type.application";
		};
/* End PBXNativeTarget section */

/* Begin PBXProject section */
		4048A2AB2FFB2719002619D7 /* Project object */ = {
			isa = PBXProject;
			attributes = {
				BuildIndependentTargetsInParallel = 1;
				LastSwiftUpdateCheck = 2630;
				LastUpgradeCheck = 2630;
				TargetAttributes = {
					4048A2B22FFB271A002619D7 = {
						CreatedOnToolsVersion = 26.3;
					};
					40A3153F300D9DDC00832C36 = {
						CreatedOnToolsVersion = 26.3;
					};
					40A31553300DDC0300832C36 = {
						CreatedOnToolsVersion = 26.3;
					};
				};
			};
			buildConfigurationList = 4048A2AE2FFB2719002619D7 /* Build configuration list for PBXProject "myDiary" */;
			developmentRegion = en;
			hasScannedForEncodings = 0;
			knownRegions = (
				en,
				Base,
				ja,
			);
			mainGroup = 4048A2AA2FFB2719002619D7;
			minimizedProjectReferenceProxies = 1;
			packageReferences = (
				409265F82FFC44D200DED38A /* XCRemoteSwiftPackageReference "GRDB" */,
			);
			preferredProjectObjectVersion = 77;
			productRefGroup = 4048A2B42FFB271A002619D7 /* Products */;
			projectDirPath = "";
			projectRoot = "";
			targets = (
				4048A2B22FFB271A002619D7 /* myDiary */,
				40A3153F300D9DDC00832C36 /* myDiaryiPad */,
				40A31553300DDC0300832C36 /* myDiaryiPhone */,
			);
		};
/* End PBXProject section */

/* Begin PBXResourcesBuildPhase section */
		4048A2B12FFB271A002619D7 /* Resources */ = {
			isa = PBXResourcesBuildPhase;
			buildActionMask = 2147483647;
			files = (
				40494CD8300CBEE400F73148 /* Localizable.xcstrings in Resources */,
			);
			runOnlyForDeploymentPostprocessing = 0;
		};
		40A3153E300D9DDC00832C36 /* Resources */ = {
			isa = PBXResourcesBuildPhase;
			buildActionMask = 2147483647;
			files = (
			);
			runOnlyForDeploymentPostprocessing = 0;
		};
		40A31552300DDC0300832C36 /* Resources */ = {
			isa = PBXResourcesBuildPhase;
			buildActionMask = 2147483647;
			files = (
			);
			runOnlyForDeploymentPostprocessing = 0;
		};
/* End PBXResourcesBuildPhase section */

/* Begin PBXSourcesBuildPhase section */
		4048A2AF2FFB271A002619D7 /* Sources */ = {
			isa = PBXSourcesBuildPhase;
			buildActionMask = 2147483647;
			files = (
			);
			runOnlyForDeploymentPostprocessing = 0;
		};
		40A3153C300D9DDC00832C36 /* Sources */ = {
			isa = PBXSourcesBuildPhase;
			buildActionMask = 2147483647;
			files = (
			);
			runOnlyForDeploymentPostprocessing = 0;
		};
		40A31550300DDC0300832C36 /* Sources */ = {
			isa = PBXSourcesBuildPhase;
			buildActionMask = 2147483647;
			files = (
			);
			runOnlyForDeploymentPostprocessing = 0;
		};
/* End PBXSourcesBuildPhase section */

/* Begin XCBuildConfiguration section */
		4048A2BC2FFB2721002619D7 /* Debug */ = {
			isa = XCBuildConfiguration;
			buildSettings = {
				ALWAYS_SEARCH_USER_PATHS = NO;
				ASSETCATALOG_COMPILER_GENERATE_SWIFT_ASSET_SYMBOL_EXTENSIONS = YES;
				CLANG_ANALYZER_NONNULL = YES;
				CLANG_ANALYZER_NUMBER_OBJECT_CONVERSION = YES_AGGRESSIVE;
				CLANG_CXX_LANGUAGE_STANDARD = "gnu++20";
				CLANG_ENABLE_MODULES = YES;
				CLANG_ENABLE_OBJC_ARC = YES;
				CLANG_ENABLE_OBJC_WEAK = YES;
				CLANG_WARN_BLOCK_CAPTURE_AUTORELEASING = YES;
				CLANG_WARN_BOOL_CONVERSION = YES;
				CLANG_WARN_COMMA = YES;
				CLANG_WARN_CONSTANT_CONVERSION = YES;
				CLANG_WARN_DEPRECATED_OBJC_IMPLEMENTATIONS = YES;
				CLANG_WARN_DIRECT_OBJC_ISA_USAGE = YES_ERROR;
				CLANG_WARN_DOCUMENTATION_COMMENTS = YES;
				CLANG_WARN_EMPTY_BODY = YES;
				CLANG_WARN_ENUM_CONVERSION = YES;
				CLANG_WARN_INFINITE_RECURSION = YES;
				CLANG_WARN_INT_CONVERSION = YES;
				CLANG_WARN_NON_LITERAL_NULL_CONVERSION = YES;
				CLANG_WARN_OBJC_IMPLICIT_RETAIN_SELF = YES;
				CLANG_WARN_OBJC_LITERAL_CONVERSION = YES;
				CLANG_WARN_OBJC_ROOT_CLASS = YES_ERROR;
				CLANG_WARN_QUOTED_INCLUDE_IN_FRAMEWORK_HEADER = YES;
				CLANG_WARN_RANGE_LOOP_ANALYSIS = YES;
				CLANG_WARN_STRICT_PROTOTYPES = YES;
				CLANG_WARN_SUSPICIOUS_MOVE = YES;
				CLANG_WARN_UNGUARDED_AVAILABILITY = YES_AGGRESSIVE;
				CLANG_WARN_UNREACHABLE_CODE = YES;
				CLANG_WARN__DUPLICATE_METHOD_MATCH = YES;
				COPY_PHASE_STRIP = NO;
				DEBUG_INFORMATION_FORMAT = dwarf;
				DEVELOPMENT_TEAM = 657FPAGC7T;
				ENABLE_STRICT_OBJC_MSGSEND = YES;
				ENABLE_TESTABILITY = YES;
				ENABLE_USER_SCRIPT_SANDBOXING = YES;
				GCC_C_LANGUAGE_STANDARD = gnu17;
				GCC_DYNAMIC_NO_PIC = NO;
				GCC_NO_COMMON_BLOCKS = YES;
				GCC_OPTIMIZATION_LEVEL = 0;
				GCC_PREPROCESSOR_DEFINITIONS = (
					"DEBUG=1",
					"$(inherited)",
				);
				GCC_WARN_64_TO_32_BIT_CONVERSION = YES;
				GCC_WARN_ABOUT_RETURN_TYPE = YES_ERROR;
				GCC_WARN_UNDECLARED_SELECTOR = YES;
				GCC_WARN_UNINITIALIZED_AUTOS = YES_AGGRESSIVE;
				GCC_WARN_UNUSED_FUNCTION = YES;
				GCC_WARN_UNUSED_VARIABLE = YES;
				LOCALIZATION_PREFERS_STRING_CATALOGS = YES;
				MACOSX_DEPLOYMENT_TARGET = 15.7;
				MTL_ENABLE_DEBUG_INFO = INCLUDE_SOURCE;
				MTL_FAST_MATH = YES;
				ONLY_ACTIVE_ARCH = YES;
				SDKROOT = macosx;
				SWIFT_ACTIVE_COMPILATION_CONDITIONS = "DEBUG $(inherited)";
				SWIFT_EMIT_LOC_STRINGS = YES;
				SWIFT_OPTIMIZATION_LEVEL = "-Onone";
			};
			name = Debug;
		};
		4048A2BD2FFB2721002619D7 /* Release */ = {
			isa = XCBuildConfiguration;
			buildSettings = {
				ALWAYS_SEARCH_USER_PATHS = NO;
				ASSETCATALOG_COMPILER_GENERATE_SWIFT_ASSET_SYMBOL_EXTENSIONS = YES;
				CLANG_ANALYZER_NONNULL = YES;
				CLANG_ANALYZER_NUMBER_OBJECT_CONVERSION = YES_AGGRESSIVE;
				CLANG_CXX_LANGUAGE_STANDARD = "gnu++20";
				CLANG_ENABLE_MODULES = YES;
				CLANG_ENABLE_OBJC_ARC = YES;
				CLANG_ENABLE_OBJC_WEAK = YES;
				CLANG_WARN_BLOCK_CAPTURE_AUTORELEASING = YES;
				CLANG_WARN_BOOL_CONVERSION = YES;
				CLANG_WARN_COMMA = YES;
				CLANG_WARN_CONSTANT_CONVERSION = YES;
				CLANG_WARN_DEPRECATED_OBJC_IMPLEMENTATIONS = YES;
				CLANG_WARN_DIRECT_OBJC_ISA_USAGE = YES_ERROR;
				CLANG_WARN_DOCUMENTATION_COMMENTS = YES;
				CLANG_WARN_EMPTY_BODY = YES;
				CLANG_WARN_ENUM_CONVERSION = YES;
				CLANG_WARN_INFINITE_RECURSION = YES;
				CLANG_WARN_INT_CONVERSION = YES;
				CLANG_WARN_NON_LITERAL_NULL_CONVERSION = YES;
				CLANG_WARN_OBJC_IMPLICIT_RETAIN_SELF = YES;
				CLANG_WARN_OBJC_LITERAL_CONVERSION = YES;
				CLANG_WARN_OBJC_ROOT_CLASS = YES_ERROR;
				CLANG_WARN_QUOTED_INCLUDE_IN_FRAMEWORK_HEADER = YES;
				CLANG_WARN_RANGE_LOOP_ANALYSIS = YES;
				CLANG_WARN_STRICT_PROTOTYPES = YES;
				CLANG_WARN_SUSPICIOUS_MOVE = YES;
				CLANG_WARN_UNGUARDED_AVAILABILITY = YES_AGGRESSIVE;
				CLANG_WARN_UNREACHABLE_CODE = YES;
				CLANG_WARN__DUPLICATE_METHOD_MATCH = YES;
				COPY_PHASE_STRIP = NO;
				DEBUG_INFORMATION_FORMAT = "dwarf-with-dsym";
				DEVELOPMENT_TEAM = 657FPAGC7T;
				ENABLE_NS_ASSERTIONS = NO;
				ENABLE_STRICT_OBJC_MSGSEND = YES;
				ENABLE_USER_SCRIPT_SANDBOXING = YES;
				GCC_C_LANGUAGE_STANDARD = gnu17;
				GCC_NO_COMMON_BLOCKS = YES;
				GCC_WARN_64_TO_32_BIT_CONVERSION = YES;
				GCC_WARN_ABOUT_RETURN_TYPE = YES_ERROR;
				GCC_WARN_UNDECLARED_SELECTOR = YES;
				GCC_WARN_UNINITIALIZED_AUTOS = YES_AGGRESSIVE;
				GCC_WARN_UNUSED_FUNCTION = YES;
				GCC_WARN_UNUSED_VARIABLE = YES;
				LOCALIZATION_PREFERS_STRING_CATALOGS = YES;
				MACOSX_DEPLOYMENT_TARGET = 15.7;
				MTL_ENABLE_DEBUG_INFO = NO;
				MTL_FAST_MATH = YES;
				SDKROOT = macosx;
				SWIFT_COMPILATION_MODE = wholemodule;
				SWIFT_EMIT_LOC_STRINGS = YES;
			};
			name = Release;
		};
		4048A2BF2FFB2721002619D7 /* Debug */ = {
			isa = XCBuildConfiguration;
			buildSettings = {
				ASSETCATALOG_COMPILER_APPICON_NAME = AppIcon;
				ASSETCATALOG_COMPILER_GLOBAL_ACCENT_COLOR_NAME = AccentColor;
				CODE_SIGN_STYLE = Automatic;
				COMBINE_HIDPI_IMAGES = YES;
				CURRENT_PROJECT_VERSION = 5;
				DEVELOPMENT_TEAM = 657FPAGC7T;
				ENABLE_APP_SANDBOX = YES;
				ENABLE_HARDENED_RUNTIME = YES;
				ENABLE_INCOMING_NETWORK_CONNECTIONS = NO;
				ENABLE_OUTGOING_NETWORK_CONNECTIONS = YES;
				ENABLE_PREVIEWS = YES;
				ENABLE_RESOURCE_ACCESS_AUDIO_INPUT = NO;
				ENABLE_RESOURCE_ACCESS_BLUETOOTH = NO;
				ENABLE_RESOURCE_ACCESS_CALENDARS = NO;
				ENABLE_RESOURCE_ACCESS_CAMERA = NO;
				ENABLE_RESOURCE_ACCESS_CONTACTS = NO;
				ENABLE_RESOURCE_ACCESS_LOCATION = NO;
				ENABLE_RESOURCE_ACCESS_PRINTING = NO;
				ENABLE_RESOURCE_ACCESS_USB = NO;
				ENABLE_USER_SELECTED_FILES = readwrite;
				GENERATE_INFOPLIST_FILE = YES;
				INFOPLIST_KEY_NSHumanReadableCopyright = "";
				LD_RUNPATH_SEARCH_PATHS = (
					"$(inherited)",
					"@executable_path/../Frameworks",
				);
				MARKETING_VERSION = 1.0;
				PRODUCT_BUNDLE_IDENTIFIER = jp.matoike.personal.myDiary;
				PRODUCT_NAME = "$(TARGET_NAME)";
				REGISTER_APP_GROUPS = YES;
				STRING_CATALOG_GENERATE_SYMBOLS = YES;
				SWIFT_APPROACHABLE_CONCURRENCY = YES;
				SWIFT_DEFAULT_ACTOR_ISOLATION = MainActor;
				SWIFT_EMIT_LOC_STRINGS = YES;
				SWIFT_UPCOMING_FEATURE_MEMBER_IMPORT_VISIBILITY = YES;
				SWIFT_VERSION = 5.0;
			};
			name = Debug;
		};
		4048A2C02FFB2721002619D7 /* Release */ = {
			isa = XCBuildConfiguration;
			buildSettings = {
				ASSETCATALOG_COMPILER_APPICON_NAME = AppIcon;
				ASSETCATALOG_COMPILER_GLOBAL_ACCENT_COLOR_NAME = AccentColor;
				CODE_SIGN_STYLE = Automatic;
				COMBINE_HIDPI_IMAGES = YES;
				CURRENT_PROJECT_VERSION = 5;
				DEVELOPMENT_TEAM = 657FPAGC7T;
				ENABLE_APP_SANDBOX = YES;
				ENABLE_HARDENED_RUNTIME = YES;
				ENABLE_INCOMING_NETWORK_CONNECTIONS = NO;
				ENABLE_OUTGOING_NETWORK_CONNECTIONS = YES;
				ENABLE_PREVIEWS = YES;
				ENABLE_RESOURCE_ACCESS_AUDIO_INPUT = NO;
				ENABLE_RESOURCE_ACCESS_BLUETOOTH = NO;
				ENABLE_RESOURCE_ACCESS_CALENDARS = NO;
				ENABLE_RESOURCE_ACCESS_CAMERA = NO;
				ENABLE_RESOURCE_ACCESS_CONTACTS = NO;
				ENABLE_RESOURCE_ACCESS_LOCATION = NO;
				ENABLE_RESOURCE_ACCESS_PRINTING = NO;
				ENABLE_RESOURCE_ACCESS_USB = NO;
				ENABLE_USER_SELECTED_FILES = readwrite;
				GENERATE_INFOPLIST_FILE = YES;
				INFOPLIST_KEY_NSHumanReadableCopyright = "";
				LD_RUNPATH_SEARCH_PATHS = (
					"$(inherited)",
					"@executable_path/../Frameworks",
				);
				MARKETING_VERSION = 1.0;
				PRODUCT_BUNDLE_IDENTIFIER = jp.matoike.personal.myDiary;
				PRODUCT_NAME = "$(TARGET_NAME)";
				REGISTER_APP_GROUPS = YES;
				STRING_CATALOG_GENERATE_SYMBOLS = YES;
				SWIFT_APPROACHABLE_CONCURRENCY = YES;
				SWIFT_DEFAULT_ACTOR_ISOLATION = MainActor;
				SWIFT_EMIT_LOC_STRINGS = YES;
				SWIFT_UPCOMING_FEATURE_MEMBER_IMPORT_VISIBILITY = YES;
				SWIFT_VERSION = 5.0;
			};
			name = Release;
		};
		40A31548300D9DDF00832C36 /* Debug */ = {
			isa = XCBuildConfiguration;
			buildSettings = {
				ASSETCATALOG_COMPILER_APPICON_NAME = AppIcon;
				ASSETCATALOG_COMPILER_GLOBAL_ACCENT_COLOR_NAME = AccentColor;
				CODE_SIGN_STYLE = Automatic;
				CURRENT_PROJECT_VERSION = 1;
				DEVELOPMENT_TEAM = 657FPAGC7T;
				ENABLE_PREVIEWS = YES;
				GENERATE_INFOPLIST_FILE = YES;
				INFOPLIST_KEY_UIApplicationSceneManifest_Generation = YES;
				INFOPLIST_KEY_UIApplicationSupportsIndirectInputEvents = YES;
				INFOPLIST_KEY_UILaunchScreen_Generation = YES;
				INFOPLIST_KEY_UISupportedInterfaceOrientations_iPad = "UIInterfaceOrientationPortrait UIInterfaceOrientationPortraitUpsideDown UIInterfaceOrientationLandscapeLeft UIInterfaceOrientationLandscapeRight";
				INFOPLIST_KEY_UISupportedInterfaceOrientations_iPhone = "UIInterfaceOrientationPortrait UIInterfaceOrientationLandscapeLeft UIInterfaceOrientationLandscapeRight";
				IPHONEOS_DEPLOYMENT_TARGET = 26.2;
				LD_RUNPATH_SEARCH_PATHS = (
					"$(inherited)",
					"@executable_path/Frameworks",
				);
				MARKETING_VERSION = 1.0;
				PRODUCT_BUNDLE_IDENTIFIER = jp.matoike.personal.myDiaryiPad;
				PRODUCT_NAME = "$(TARGET_NAME)";
				SDKROOT = iphoneos;
				STRING_CATALOG_GENERATE_SYMBOLS = YES;
				SWIFT_APPROACHABLE_CONCURRENCY = YES;
				SWIFT_DEFAULT_ACTOR_ISOLATION = MainActor;
				SWIFT_EMIT_LOC_STRINGS = YES;
				SWIFT_UPCOMING_FEATURE_MEMBER_IMPORT_VISIBILITY = YES;
				SWIFT_VERSION = 5.0;
				TARGETED_DEVICE_FAMILY = "1,2";
			};
			name = Debug;
		};
		40A31549300D9DDF00832C36 /* Release */ = {
			isa = XCBuildConfiguration;
			buildSettings = {
				ASSETCATALOG_COMPILER_APPICON_NAME = AppIcon;
				ASSETCATALOG_COMPILER_GLOBAL_ACCENT_COLOR_NAME = AccentColor;
				CODE_SIGN_STYLE = Automatic;
				CURRENT_PROJECT_VERSION = 1;
				DEVELOPMENT_TEAM = 657FPAGC7T;
				ENABLE_PREVIEWS = YES;
				GENERATE_INFOPLIST_FILE = YES;
				INFOPLIST_KEY_UIApplicationSceneManifest_Generation = YES;
				INFOPLIST_KEY_UIApplicationSupportsIndirectInputEvents = YES;
				INFOPLIST_KEY_UILaunchScreen_Generation = YES;
				INFOPLIST_KEY_UISupportedInterfaceOrientations_iPad = "UIInterfaceOrientationPortrait UIInterfaceOrientationPortraitUpsideDown UIInterfaceOrientationLandscapeLeft UIInterfaceOrientationLandscapeRight";
				INFOPLIST_KEY_UISupportedInterfaceOrientations_iPhone = "UIInterfaceOrientationPortrait UIInterfaceOrientationLandscapeLeft UIInterfaceOrientationLandscapeRight";
				IPHONEOS_DEPLOYMENT_TARGET = 26.2;
				LD_RUNPATH_SEARCH_PATHS = (
					"$(inherited)",
					"@executable_path/Frameworks",
				);
				MARKETING_VERSION = 1.0;
				PRODUCT_BUNDLE_IDENTIFIER = jp.matoike.personal.myDiaryiPad;
				PRODUCT_NAME = "$(TARGET_NAME)";
				SDKROOT = iphoneos;
				STRING_CATALOG_GENERATE_SYMBOLS = YES;
				SWIFT_APPROACHABLE_CONCURRENCY = YES;
				SWIFT_DEFAULT_ACTOR_ISOLATION = MainActor;
				SWIFT_EMIT_LOC_STRINGS = YES;
				SWIFT_UPCOMING_FEATURE_MEMBER_IMPORT_VISIBILITY = YES;
				SWIFT_VERSION = 5.0;
				TARGETED_DEVICE_FAMILY = "1,2";
				VALIDATE_PRODUCT = YES;
			};
			name = Release;
		};
		40A3155D300DDC0600832C36 /* Debug */ = {
			isa = XCBuildConfiguration;
			buildSettings = {
				ASSETCATALOG_COMPILER_APPICON_NAME = AppIcon;
				ASSETCATALOG_COMPILER_GLOBAL_ACCENT_COLOR_NAME = AccentColor;
				CODE_SIGN_STYLE = Automatic;
				CURRENT_PROJECT_VERSION = 1;
				DEVELOPMENT_TEAM = 657FPAGC7T;
				ENABLE_PREVIEWS = YES;
				GENERATE_INFOPLIST_FILE = YES;
				INFOPLIST_KEY_UIApplicationSceneManifest_Generation = YES;
				INFOPLIST_KEY_UIApplicationSupportsIndirectInputEvents = YES;
				INFOPLIST_KEY_UILaunchScreen_Generation = YES;
				INFOPLIST_KEY_UISupportedInterfaceOrientations_iPad = "UIInterfaceOrientationPortrait UIInterfaceOrientationPortraitUpsideDown UIInterfaceOrientationLandscapeLeft UIInterfaceOrientationLandscapeRight";
				INFOPLIST_KEY_UISupportedInterfaceOrientations_iPhone = "UIInterfaceOrientationPortrait UIInterfaceOrientationLandscapeLeft UIInterfaceOrientationLandscapeRight";
				IPHONEOS_DEPLOYMENT_TARGET = 26.2;
				LD_RUNPATH_SEARCH_PATHS = (
					"$(inherited)",
					"@executable_path/Frameworks",
				);
				MARKETING_VERSION = 1.0;
				PRODUCT_BUNDLE_IDENTIFIER = jp.matoike.personal.myDiaryiPhone;
				PRODUCT_NAME = "$(TARGET_NAME)";
				SDKROOT = iphoneos;
				STRING_CATALOG_GENERATE_SYMBOLS = YES;
				SWIFT_APPROACHABLE_CONCURRENCY = YES;
				SWIFT_DEFAULT_ACTOR_ISOLATION = MainActor;
				SWIFT_EMIT_LOC_STRINGS = YES;
				SWIFT_UPCOMING_FEATURE_MEMBER_IMPORT_VISIBILITY = YES;
				SWIFT_VERSION = 5.0;
				TARGETED_DEVICE_FAMILY = "1,2";
			};
			name = Debug;
		};
		40A3155E300DDC0600832C36 /* Release */ = {
			isa = XCBuildConfiguration;
			buildSettings = {
				ASSETCATALOG_COMPILER_APPICON_NAME = AppIcon;
				ASSETCATALOG_COMPILER_GLOBAL_ACCENT_COLOR_NAME = AccentColor;
				CODE_SIGN_STYLE = Automatic;
				CURRENT_PROJECT_VERSION = 1;
				DEVELOPMENT_TEAM = 657FPAGC7T;
				ENABLE_PREVIEWS = YES;
				GENERATE_INFOPLIST_FILE = YES;
				INFOPLIST_KEY_UIApplicationSceneManifest_Generation = YES;
				INFOPLIST_KEY_UIApplicationSupportsIndirectInputEvents = YES;
				INFOPLIST_KEY_UILaunchScreen_Generation = YES;
				INFOPLIST_KEY_UISupportedInterfaceOrientations_iPad = "UIInterfaceOrientationPortrait UIInterfaceOrientationPortraitUpsideDown UIInterfaceOrientationLandscapeLeft UIInterfaceOrientationLandscapeRight";
				INFOPLIST_KEY_UISupportedInterfaceOrientations_iPhone = "UIInterfaceOrientationPortrait UIInterfaceOrientationLandscapeLeft UIInterfaceOrientationLandscapeRight";
				IPHONEOS_DEPLOYMENT_TARGET = 26.2;
				LD_RUNPATH_SEARCH_PATHS = (
					"$(inherited)",
					"@executable_path/Frameworks",
				);
				MARKETING_VERSION = 1.0;
				PRODUCT_BUNDLE_IDENTIFIER = jp.matoike.personal.myDiaryiPhone;
				PRODUCT_NAME = "$(TARGET_NAME)";
				SDKROOT = iphoneos;
				STRING_CATALOG_GENERATE_SYMBOLS = YES;
				SWIFT_APPROACHABLE_CONCURRENCY = YES;
				SWIFT_DEFAULT_ACTOR_ISOLATION = MainActor;
				SWIFT_EMIT_LOC_STRINGS = YES;
				SWIFT_UPCOMING_FEATURE_MEMBER_IMPORT_VISIBILITY = YES;
				SWIFT_VERSION = 5.0;
				TARGETED_DEVICE_FAMILY = "1,2";
				VALIDATE_PRODUCT = YES;
			};
			name = Release;
		};
/* End XCBuildConfiguration section */

/* Begin XCConfigurationList section */
		4048A2AE2FFB2719002619D7 /* Build configuration list for PBXProject "myDiary" */ = {
			isa = XCConfigurationList;
			buildConfigurations = (
				4048A2BC2FFB2721002619D7 /* Debug */,
				4048A2BD2FFB2721002619D7 /* Release */,
			);
			defaultConfigurationIsVisible = 0;
			defaultConfigurationName = Release;
		};
		4048A2BE2FFB2721002619D7 /* Build configuration list for PBXNativeTarget "myDiary" */ = {
			isa = XCConfigurationList;
			buildConfigurations = (
				4048A2BF2FFB2721002619D7 /* Debug */,
				4048A2C02FFB2721002619D7 /* Release */,
			);
			defaultConfigurationIsVisible = 0;
			defaultConfigurationName = Release;
		};
		40A3154A300D9DDF00832C36 /* Build configuration list for PBXNativeTarget "myDiaryiPad" */ = {
			isa = XCConfigurationList;
			buildConfigurations = (
				40A31548300D9DDF00832C36 /* Debug */,
				40A31549300D9DDF00832C36 /* Release */,
			);
			defaultConfigurationIsVisible = 0;
			defaultConfigurationName = Release;
		};
		40A3155C300DDC0600832C36 /* Build configuration list for PBXNativeTarget "myDiaryiPhone" */ = {
			isa = XCConfigurationList;
			buildConfigurations = (
				40A3155D300DDC0600832C36 /* Debug */,
				40A3155E300DDC0600832C36 /* Release */,
			);
			defaultConfigurationIsVisible = 0;
			defaultConfigurationName = Release;
		};
/* End XCConfigurationList section */

/* Begin XCRemoteSwiftPackageReference section */
		409265F82FFC44D200DED38A /* XCRemoteSwiftPackageReference "GRDB" */ = {
			isa = XCRemoteSwiftPackageReference;
			repositoryURL = "https://github.com/groue/GRDB.swift";
			requirement = {
				kind = exactVersion;
				version = 7.11.1;
			};
		};
/* End XCRemoteSwiftPackageReference section */

/* Begin XCSwiftPackageProductDependency section */
		409265F92FFC44D200DED38A /* GRDB */ = {
			isa = XCSwiftPackageProductDependency;
			package = 409265F82FFC44D200DED38A /* XCRemoteSwiftPackageReference "GRDB" */;
			productName = GRDB;
		};
		40A31692300DFACE00832C36 /* GRDB */ = {
			isa = XCSwiftPackageProductDependency;
			package = 409265F82FFC44D200DED38A /* XCRemoteSwiftPackageReference "GRDB" */;
			productName = GRDB;
		};
/* End XCSwiftPackageProductDependency section */
	};
	rootObject = 4048A2AB2FFB2719002619D7 /* Project object */;
}
